
Microsoft Visual Studio Solution File, Format Version 12.00
# Visual Studio 2017
Project("{FAE04EC0-301F-11D3-BF4B-00C04F79EFBC}") = "minesweeper_demo.Plugins", "minesweeper_demo.Plugins.csproj", "{A70BFD02-6C00-C4C7-3715-1B98B40F5403}"
EndProject
Project("{FAE04EC0-301F-11D3-BF4B-00C04F79EFBC}") = "minesweeper_demo", "minesweeper_demo.csproj", "{0E297B00-D60F-777B-B068-4A0D3CBACFD8}"
EndProject
Project("{FAE04EC0-301F-11D3-BF4B-00C04F79EFBC}") = "minesweeper_demo.Editor", "minesweeper_demo.Editor.csproj", "{999DA65E-9040-3975-79C3-6111E37FA332}"
EndProject
Global
	GlobalSection(SolutionConfigurationPlatforms) = preSolution
		Debug|Any CPU = Debug|Any CPU
		Release|Any CPU = Release|Any CPU
	EndGlobalSection
	GlobalSection(ProjectConfigurationPlatforms) = postSolution
		{A70BFD02-6C00-C4C7-3715-1B98B40F5403}.Debug|Any CPU.ActiveCfg = Debug|Any CPU
		{A70BFD02-6C00-C4C7-3715-1B98B40F5403}.Debug|Any CPU.Build.0 = Debug|Any CPU
		{A70BFD02-6C00-C4C7-3715-1B98B40F5403}.Release|Any CPU.ActiveCfg = Release|Any CPU
		{A70BFD02-6C00-C4C7-3715-1B98B40F5403}.Release|Any CPU.Build.0 = Release|Any CPU
		{0E297B00-D60F-777B-B068-4A0D3CBACFD8}.Debug|Any CPU.ActiveCfg = Debug|Any CPU
		{0E297B00-D60F-777B-B068-4A0D3CBACFD8}.Debug|Any CPU.Build.0 = Debug|Any CPU
		{0E297B00-D60F-777B-B068-4A0D3CBACFD8}.Release|Any CPU.ActiveCfg = Release|Any CPU
		{0E297B00-D60F-777B-B068-4A0D3CBACFD8}.Release|Any CPU.Build.0 = Release|Any CPU
		{999DA65E-9040-3975-79C3-6111E37FA332}.Debug|Any CPU.ActiveCfg = Debug|Any CPU
		{999DA65E-9040-3975-79C3-6111E37FA332}.Debug|Any CPU.Build.0 = Debug|Any CPU
		{999DA65E-9040-3975-79C3-6111E37FA332}.Release|Any CPU.ActiveCfg = Release|Any CPU
		{999DA65E-9040-3975-79C3-6111E37FA332}.Release|Any CPU.Build.0 = Release|Any CPU
	EndGlobalSection
	GlobalSection(SolutionProperties) = preSolution
		HideSolutionNode = FALSE
	EndGlobalSection
EndGlobal
