Microsoft Visual Studio Solution File, Format Version 11.00
# Visual Studio 2008

Project("{C341E074-2672-046F-59B1-CBCB76CB5294}") = "minesweeper_demo", "Assembly-CSharp-firstpass.csproj", "{A9B8741A-0D58-1445-E28F-9CE6179CB919}"
EndProject
Project("{C341E074-2672-046F-59B1-CBCB76CB5294}") = "minesweeper_demo", "Assembly-CSharp.csproj", "{7A301C60-F4F2-5868-FE25-AEAB860D6BFA}"
EndProject
Global
	GlobalSection(SolutionConfigurationPlatforms) = preSolution
		Debug|Any CPU = Debug|Any CPU
		Release|Any CPU = Release|Any CPU
	EndGlobalSection
	GlobalSection(ProjectConfigurationPlatforms) = postSolution
		{A9B8741A-0D58-1445-E28F-9CE6179CB919}.Debug|Any CPU.ActiveCfg = Debug|Any CPU
		{A9B8741A-0D58-1445-E28F-9CE6179CB919}.Debug|Any CPU.Build.0 = Debug|Any CPU
		{A9B8741A-0D58-1445-E28F-9CE6179CB919}.Release|Any CPU.ActiveCfg = Release|Any CPU
		{A9B8741A-0D58-1445-E28F-9CE6179CB919}.Release|Any CPU.Build.0 = Release|Any CPU
		{7A301C60-F4F2-5868-FE25-AEAB860D6BFA}.Debug|Any CPU.ActiveCfg = Debug|Any CPU
		{7A301C60-F4F2-5868-FE25-AEAB860D6BFA}.Debug|Any CPU.Build.0 = Debug|Any CPU
		{7A301C60-F4F2-5868-FE25-AEAB860D6BFA}.Release|Any CPU.ActiveCfg = Release|Any CPU
		{7A301C60-F4F2-5868-FE25-AEAB860D6BFA}.Release|Any CPU.Build.0 = Release|Any CPU
	EndGlobalSection
	GlobalSection(SolutionProperties) = preSolution
		HideSolutionNode = FALSE
	EndGlobalSection
	GlobalSection(MonoDevelopProperties) = preSolution
		StartupItem = Assembly-CSharp.csproj
	EndGlobalSection
EndGlobal
